
Microsoft Visual Studio Solution File, Format Version 12.00
# Visual Studio 15
VisualStudioVersion = 15.0.27004.2002
MinimumVisualStudioVersion = 10.0.40219.1
Project("{8BC9CEB8-8B4A-11D0-8D11-00A0C91BC942}") = "ProjectW5-7", "ProjectW5-7\ProjectW5-7.vcxproj", "{DBDC657A-FA35-4879-A390-6053C2D7825F}"
EndProject
Global
	GlobalSection(SolutionConfigurationPlatforms) = preSolution
		Debug|x64 = Debug|x64
		Debug|x86 = Debug|x86
		Release|x64 = Release|x64
		Release|x86 = Release|x86
	EndGlobalSection
	GlobalSection(ProjectConfigurationPlatforms) = postSolution
		{DBDC657A-FA35-4879-A390-6053C2D7825F}.Debug|x64.ActiveCfg = Debug|x64
		{DBDC657A-FA35-4879-A390-6053C2D7825F}.Debug|x64.Build.0 = Debug|x64
		{DBDC657A-FA35-4879-A390-6053C2D7825F}.Debug|x86.ActiveCfg = Debug|Win32
		{DBDC657A-FA35-4879-A390-6053C2D7825F}.Debug|x86.Build.0 = Debug|Win32
		{DBDC657A-FA35-4879-A390-6053C2D7825F}.Release|x64.ActiveCfg = Release|x64
		{DBDC657A-FA35-4879-A390-6053C2D7825F}.Release|x64.Build.0 = Release|x64
		{DBDC657A-FA35-4879-A390-6053C2D7825F}.Release|x86.ActiveCfg = Release|Win32
		{DBDC657A-FA35-4879-A390-6053C2D7825F}.Release|x86.Build.0 = Release|Win32
	EndGlobalSection
	GlobalSection(SolutionProperties) = preSolution
		HideSolutionNode = FALSE
	EndGlobalSection
	GlobalSection(ExtensibilityGlobals) = postSolution
		SolutionGuid = {C257017E-C8E1-4DF9-A503-16DC76E44F45}
	EndGlobalSection
EndGlobal
